
Microsoft Visual Studio Solution File, Format Version 12.00
# Visual Studio Version 17
VisualStudioVersion = 17.1.32210.238
MinimumVisualStudioVersion = 10.0.40219.1
Project("{FAE04EC0-301F-11D3-BF4B-00C04F79EFBC}") = "HuMengyang0130SkySharkWebApplication", "HuMengyang0130SkySharkWebApplication\HuMengyang0130SkySharkWebApplication.csproj", "{51BCFF8C-A9F4-40B8-A41D-5D18EAF0AF22}"
EndProject
Global
	GlobalSection(SolutionConfigurationPlatforms) = preSolution
		Debug|Any CPU = Debug|Any CPU
		Release|Any CPU = Release|Any CPU
	EndGlobalSection
	GlobalSection(ProjectConfigurationPlatforms) = postSolution
		{51BCFF8C-A9F4-40B8-A41D-5D18EAF0AF22}.Debug|Any CPU.ActiveCfg = Debug|Any CPU
		{51BCFF8C-A9F4-40B8-A41D-5D18EAF0AF22}.Debug|Any CPU.Build.0 = Debug|Any CPU
		{51BCFF8C-A9F4-40B8-A41D-5D18EAF0AF22}.Release|Any CPU.ActiveCfg = Release|Any CPU
		{51BCFF8C-A9F4-40B8-A41D-5D18EAF0AF22}.Release|Any CPU.Build.0 = Release|Any CPU
	EndGlobalSection
	GlobalSection(SolutionProperties) = preSolution
		HideSolutionNode = FALSE
	EndGlobalSection
	GlobalSection(ExtensibilityGlobals) = postSolution
		SolutionGuid = {53FAAFA0-E5C6-4991-9BBB-2204998503DA}
	EndGlobalSection
EndGlobal
